{
  "name": "GuruDay",
  "version": "1.0.0",
  "lockfileVersion": 1,
  "requires": true,
  "dependencies": {
    "picasso-plugin-hammer": {
      "version": "0.5.3",
      "resolved": "https://registry.npmjs.org/picasso-plugin-hammer/-/picasso-plugin-hammer-0.5.3.tgz",
      "integrity": "sha512-a5iaP5O6B79QgkEwVksupjW9eTiokXZ6hJcROiGY7x5MHe19VThV01eRgcD5GcOps7DAFZx3EJMYXi3LIxivwA=="
    },
    "picasso-plugin-q": {
      "version": "0.5.1",
      "resolved": "https://registry.npmjs.org/picasso-plugin-q/-/picasso-plugin-q-0.5.1.tgz",
      "integrity": "sha512-BwJdd+IyQ6bSDnK0v9DUatNxQRRdC9tAHHKb5eKB69JCs7GjRgV8Zr/eTX5a7JWqRhnYwGY0loPllpk9EJ0qMQ=="
    },
    "picasso.js": {
      "version": "0.5.1",
      "resolved": "https://registry.npmjs.org/picasso.js/-/picasso.js-0.5.1.tgz",
      "integrity": "sha512-0DS5zEo4oAxdtWxlzAhd93/agrxlKNgJutlOvzl42wzzGZ+CqbXvL/TpOfnp6liKi79r/Jr9tL7KICqqubkj/A=="
    }
  }
}
